
Microsoft Visual Studio Solution File, Format Version 12.00
# Visual Studio 15
VisualStudioVersion = 15.0.28307.168
MinimumVisualStudioVersion = 10.0.40219.1
Project("{8BC9CEB8-8B4A-11D0-8D11-00A0C91BC942}") = "SDLPro", "SDLPro\SDLPro.vcxproj", "{ECC953BA-55DE-406B-A858-4ABC91AAA5EF}"
EndProject
Global
	GlobalSection(SolutionConfigurationPlatforms) = preSolution
		Debug|x64 = Debug|x64
		Debug|x86 = Debug|x86
		Release|x64 = Release|x64
		Release|x86 = Release|x86
	EndGlobalSection
	GlobalSection(ProjectConfigurationPlatforms) = postSolution
		{ECC953BA-55DE-406B-A858-4ABC91AAA5EF}.Debug|x64.ActiveCfg = Debug|x64
		{ECC953BA-55DE-406B-A858-4ABC91AAA5EF}.Debug|x64.Build.0 = Debug|x64
		{ECC953BA-55DE-406B-A858-4ABC91AAA5EF}.Debug|x86.ActiveCfg = Debug|Win32
		{ECC953BA-55DE-406B-A858-4ABC91AAA5EF}.Debug|x86.Build.0 = Debug|Win32
		{ECC953BA-55DE-406B-A858-4ABC91AAA5EF}.Release|x64.ActiveCfg = Release|x64
		{ECC953BA-55DE-406B-A858-4ABC91AAA5EF}.Release|x64.Build.0 = Release|x64
		{ECC953BA-55DE-406B-A858-4ABC91AAA5EF}.Release|x86.ActiveCfg = Release|Win32
		{ECC953BA-55DE-406B-A858-4ABC91AAA5EF}.Release|x86.Build.0 = Release|Win32
	EndGlobalSection
	GlobalSection(SolutionProperties) = preSolution
		HideSolutionNode = FALSE
	EndGlobalSection
	GlobalSection(ExtensibilityGlobals) = postSolution
		SolutionGuid = {AE6EA677-AF74-4948-9BC1-0CF5421ECA7B}
	EndGlobalSection
EndGlobal
